
Microsoft Visual Studio Solution File, Format Version 12.00
# Visual Studio Version 16
VisualStudioVersion = 16.0.30907.101
MinimumVisualStudioVersion = 10.0.40219.1
Project("{FAE04EC0-301F-11D3-BF4B-00C04F79EFBC}") = "MyDictionary", "MyDictionary\MyDictionary.csproj", "{0ECE56F7-4F64-4CF4-933C-707201E7F1CE}"
EndProject
Global
	GlobalSection(SolutionConfigurationPlatforms) = preSolution
		Debug|Any CPU = Debug|Any CPU
		Release|Any CPU = Release|Any CPU
	EndGlobalSection
	GlobalSection(ProjectConfigurationPlatforms) = postSolution
		{0ECE56F7-4F64-4CF4-933C-707201E7F1CE}.Debug|Any CPU.ActiveCfg = Debug|Any CPU
		{0ECE56F7-4F64-4CF4-933C-707201E7F1CE}.Debug|Any CPU.Build.0 = Debug|Any CPU
		{0ECE56F7-4F64-4CF4-933C-707201E7F1CE}.Release|Any CPU.ActiveCfg = Release|Any CPU
		{0ECE56F7-4F64-4CF4-933C-707201E7F1CE}.Release|Any CPU.Build.0 = Release|Any CPU
	EndGlobalSection
	GlobalSection(SolutionProperties) = preSolution
		HideSolutionNode = FALSE
	EndGlobalSection
	GlobalSection(ExtensibilityGlobals) = postSolution
		SolutionGuid = {969B2320-0CD7-4E62-A703-1188692E28BF}
	EndGlobalSection
EndGlobal
